PODS:
  - Alamofire (5.6.1)
  - AlamofireImage (4.2.0):
    - Alamofire (~> 5.4)

DEPENDENCIES:
  - Alamofire
  - AlamofireImage

SPEC REPOS:
  trunk:
    - Alamofire
    - AlamofireImage

SPEC CHECKSUMS:
  Alamofire: 87bd8c952f9a4454320fce00d9cc3de57bcadaf5
  AlamofireImage: 34a2d90b0e5fe6a5605f85ae4b7b01e784c60192

PODFILE CHECKSUM: 0b880c1588dd28791be0593840558c85be757efd

COCOAPODS: 1.15.2
