// !$*UTF8*$!
{
	archiveVersion = 1;
	classes = {
	};
	objectVersion = 55;
	objects = {

/* Begin PBXBuildFile section */
		4161DB2049CB7E77A554CE21 /* Pods_R_M__macOS_.framework in Frameworks */ = {isa = PBXBuildFile; fileRef = B29CD4E56CF4D038E804E27F /* Pods_R_M__macOS_.framework */; };
		83AC1FF41FF7762E3F3EA830 /* Pods_R_M__iOS_.framework in Frameworks */ = {isa = PBXBuildFile; fileRef = BD9F813AA9D84A5D8226D317 /* Pods_R_M__iOS_.framework */; };
		C35314EA292ACB1D005CC6AF /* DetailCharacterInfoView.swift in Sources */ = {isa = PBXBuildFile; fileRef = C35314E9292ACB1D005CC6AF /* DetailCharacterInfoView.swift */; };
		C35314EB292ACB1D005CC6AF /* DetailCharacterInfoView.swift in Sources */ = {isa = PBXBuildFile; fileRef = C35314E9292ACB1D005CC6AF /* DetailCharacterInfoView.swift */; };
		C3780E9F29279A62005EE305 /* RequestManager.swift in Sources */ = {isa = PBXBuildFile; fileRef = C3780E9E29279A62005EE305 /* RequestManager.swift */; };
		C3780EA029279A62005EE305 /* RequestManager.swift in Sources */ = {isa = PBXBuildFile; fileRef = C3780E9E29279A62005EE305 /* RequestManager.swift */; };
		C384206C2929915600A84D8A /* Character.swift in Sources */ = {isa = PBXBuildFile; fileRef = C384206B2929915600A84D8A /* Character.swift */; };
		C384206D2929915600A84D8A /* Character.swift in Sources */ = {isa = PBXBuildFile; fileRef = C384206B2929915600A84D8A /* Character.swift */; };
		C384206F29299DA800A84D8A /* UIImage+Download.swift in Sources */ = {isa = PBXBuildFile; fileRef = C384206E29299DA800A84D8A /* UIImage+Download.swift */; };
		C384207029299DA800A84D8A /* UIImage+Download.swift in Sources */ = {isa = PBXBuildFile; fileRef = C384206E29299DA800A84D8A /* UIImage+Download.swift */; };
		C3B88A782861D2F2003474FD /* CharacterView.swift in Sources */ = {isa = PBXBuildFile; fileRef = C3B88A772861D2F2003474FD /* CharacterView.swift */; };
		C3B88A792861D2F2003474FD /* CharacterView.swift in Sources */ = {isa = PBXBuildFile; fileRef = C3B88A772861D2F2003474FD /* CharacterView.swift */; };
		C3BBD57A28608E88008BA79E /* Tests_iOS.swift in Sources */ = {isa = PBXBuildFile; fileRef = C3BBD57928608E88008BA79E /* Tests_iOS.swift */; };
		C3BBD57C28608E88008BA79E /* Tests_iOSLaunchTests.swift in Sources */ = {isa = PBXBuildFile; fileRef = C3BBD57B28608E88008BA79E /* Tests_iOSLaunchTests.swift */; };
		C3BBD58628608E88008BA79E /* Tests_macOS.swift in Sources */ = {isa = PBXBuildFile; fileRef = C3BBD58528608E88008BA79E /* Tests_macOS.swift */; };
		C3BBD58828608E88008BA79E /* Tests_macOSLaunchTests.swift in Sources */ = {isa = PBXBuildFile; fileRef = C3BBD58728608E88008BA79E /* Tests_macOSLaunchTests.swift */; };
		C3BBD58928608E88008BA79E /* RMApp.swift in Sources */ = {isa = PBXBuildFile; fileRef = C3BBD56128608E86008BA79E /* RMApp.swift */; };
		C3BBD58A28608E88008BA79E /* RMApp.swift in Sources */ = {isa = PBXBuildFile; fileRef = C3BBD56128608E86008BA79E /* RMApp.swift */; };
		C3BBD58B28608E88008BA79E /* ContentView.swift in Sources */ = {isa = PBXBuildFile; fileRef = C3BBD56228608E86008BA79E /* ContentView.swift */; };
		C3BBD58C28608E88008BA79E /* ContentView.swift in Sources */ = {isa = PBXBuildFile; fileRef = C3BBD56228608E86008BA79E /* ContentView.swift */; };
		C3BBD58D28608E88008BA79E /* Assets.xcassets in Resources */ = {isa = PBXBuildFile; fileRef = C3BBD56328608E88008BA79E /* Assets.xcassets */; };
		C3BBD58E28608E88008BA79E /* Assets.xcassets in Resources */ = {isa = PBXBuildFile; fileRef = C3BBD56328608E88008BA79E /* Assets.xcassets */; };
/* End PBXBuildFile section */

/* Begin PBXContainerItemProxy section */
		C3BBD57628608E88008BA79E /* PBXContainerItemProxy */ = {
			isa = PBXContainerItemProxy;
			containerPortal = C3BBD55C28608E86008BA79E /* Project object */;
			proxyType = 1;
			remoteGlobalIDString = C3BBD56728608E88008BA79E;
			remoteInfo = "test (iOS)";
		};
		C3BBD58228608E88008BA79E /* PBXContainerItemProxy */ = {
			isa = PBXContainerItemProxy;
			containerPortal = C3BBD55C28608E86008BA79E /* Project object */;
			proxyType = 1;
			remoteGlobalIDString = C3BBD56D28608E88008BA79E;
			remoteInfo = "test (macOS)";
		};
/* End PBXContainerItemProxy section */

/* Begin PBXFileReference section */
		42CD0DEA4F7ABE7EE9569966 /* Pods-R&M (iOS).release.xcconfig */ = {isa = PBXFileReference; includeInIndex = 1; lastKnownFileType = text.xcconfig; name = "Pods-R&M (iOS).release.xcconfig"; path = "Target Support Files/Pods-R&M (iOS)/Pods-R&M (iOS).release.xcconfig"; sourceTree = "<group>"; };
		5868A95EF4DC8BD05C806D32 /* Pods-test (iOS).release.xcconfig */ = {isa = PBXFileReference; includeInIndex = 1; lastKnownFileType = text.xcconfig; name = "Pods-test (iOS).release.xcconfig"; path = "Target Support Files/Pods-test (iOS)/Pods-test (iOS).release.xcconfig"; sourceTree = "<group>"; };
		70D491F353C95C0591CE2166 /* Pods-R&M (iOS).debug.xcconfig */ = {isa = PBXFileReference; includeInIndex = 1; lastKnownFileType = text.xcconfig; name = "Pods-R&M (iOS).debug.xcconfig"; path = "Target Support Files/Pods-R&M (iOS)/Pods-R&M (iOS).debug.xcconfig"; sourceTree = "<group>"; };
		A74D8B5728977E66EA12F91D /* Pods-R&M (macOS).release.xcconfig */ = {isa = PBXFileReference; includeInIndex = 1; lastKnownFileType = text.xcconfig; name = "Pods-R&M (macOS).release.xcconfig"; path = "Target Support Files/Pods-R&M (macOS)/Pods-R&M (macOS).release.xcconfig"; sourceTree = "<group>"; };
		B29CD4E56CF4D038E804E27F /* Pods_R_M__macOS_.framework */ = {isa = PBXFileReference; explicitFileType = wrapper.framework; includeInIndex = 0; path = Pods_R_M__macOS_.framework; sourceTree = BUILT_PRODUCTS_DIR; };
		B84FE9824BD6B6859B6B0DF3 /* Pods-test (iOS).debug.xcconfig */ = {isa = PBXFileReference; includeInIndex = 1; lastKnownFileType = text.xcconfig; name = "Pods-test (iOS).debug.xcconfig"; path = "Target Support Files/Pods-test (iOS)/Pods-test (iOS).debug.xcconfig"; sourceTree = "<group>"; };
		B89BC8D4917374370414DBED /* Pods-test (macOS).release.xcconfig */ = {isa = PBXFileReference; includeInIndex = 1; lastKnownFileType = text.xcconfig; name = "Pods-test (macOS).release.xcconfig"; path = "Target Support Files/Pods-test (macOS)/Pods-test (macOS).release.xcconfig"; sourceTree = "<group>"; };
		BD9F813AA9D84A5D8226D317 /* Pods_R_M__iOS_.framework */ = {isa = PBXFileReference; explicitFileType = wrapper.framework; includeInIndex = 0; path = Pods_R_M__iOS_.framework; sourceTree = BUILT_PRODUCTS_DIR; };
		C35314E9292ACB1D005CC6AF /* DetailCharacterInfoView.swift */ = {isa = PBXFileReference; lastKnownFileType = sourcecode.swift; path = DetailCharacterInfoView.swift; sourceTree = "<group>"; };
		C3780E9E29279A62005EE305 /* RequestManager.swift */ = {isa = PBXFileReference; lastKnownFileType = sourcecode.swift; path = RequestManager.swift; sourceTree = "<group>"; };
		C384206B2929915600A84D8A /* Character.swift */ = {isa = PBXFileReference; lastKnownFileType = sourcecode.swift; path = Character.swift; sourceTree = "<group>"; };
		C384206E29299DA800A84D8A /* UIImage+Download.swift */ = {isa = PBXFileReference; lastKnownFileType = sourcecode.swift; path = "UIImage+Download.swift"; sourceTree = "<group>"; };
		C3B20DF02926568D0033A5C7 /* R&M--iOS--Info.plist */ = {isa = PBXFileReference; lastKnownFileType = text.plist.xml; path = "R&M--iOS--Info.plist"; sourceTree = "<group>"; };
		C3B88A772861D2F2003474FD /* CharacterView.swift */ = {isa = PBXFileReference; lastKnownFileType = sourcecode.swift; path = CharacterView.swift; sourceTree = "<group>"; };
		C3BBD56128608E86008BA79E /* RMApp.swift */ = {isa = PBXFileReference; lastKnownFileType = sourcecode.swift; path = RMApp.swift; sourceTree = "<group>"; };
		C3BBD56228608E86008BA79E /* ContentView.swift */ = {isa = PBXFileReference; lastKnownFileType = sourcecode.swift; path = ContentView.swift; sourceTree = "<group>"; };
		C3BBD56328608E88008BA79E /* Assets.xcassets */ = {isa = PBXFileReference; lastKnownFileType = folder.assetcatalog; path = Assets.xcassets; sourceTree = "<group>"; };
		C3BBD56828608E88008BA79E /* jServiceTest.app */ = {isa = PBXFileReference; explicitFileType = wrapper.application; includeInIndex = 0; path = jServiceTest.app; sourceTree = BUILT_PRODUCTS_DIR; };
		C3BBD56E28608E88008BA79E /* R&M.app */ = {isa = PBXFileReference; explicitFileType = wrapper.application; includeInIndex = 0; path = "R&M.app"; sourceTree = BUILT_PRODUCTS_DIR; };
		C3BBD57028608E88008BA79E /* macOS.entitlements */ = {isa = PBXFileReference; lastKnownFileType = text.plist.entitlements; path = macOS.entitlements; sourceTree = "<group>"; };
		C3BBD57528608E88008BA79E /* Tests iOS.xctest */ = {isa = PBXFileReference; explicitFileType = wrapper.cfbundle; includeInIndex = 0; path = "Tests iOS.xctest"; sourceTree = BUILT_PRODUCTS_DIR; };
		C3BBD57928608E88008BA79E /* Tests_iOS.swift */ = {isa = PBXFileReference; lastKnownFileType = sourcecode.swift; path = Tests_iOS.swift; sourceTree = "<group>"; };
		C3BBD57B28608E88008BA79E /* Tests_iOSLaunchTests.swift */ = {isa = PBXFileReference; lastKnownFileType = sourcecode.swift; path = Tests_iOSLaunchTests.swift; sourceTree = "<group>"; };
		C3BBD58128608E88008BA79E /* Tests macOS.xctest */ = {isa = PBXFileReference; explicitFileType = wrapper.cfbundle; includeInIndex = 0; path = "Tests macOS.xctest"; sourceTree = BUILT_PRODUCTS_DIR; };
		C3BBD58528608E88008BA79E /* Tests_macOS.swift */ = {isa = PBXFileReference; lastKnownFileType = sourcecode.swift; path = Tests_macOS.swift; sourceTree = "<group>"; };
		C3BBD58728608E88008BA79E /* Tests_macOSLaunchTests.swift */ = {isa = PBXFileReference; lastKnownFileType = sourcecode.swift; path = Tests_macOSLaunchTests.swift; sourceTree = "<group>"; };
		DF721D31A7F8AE3D9E3BDDA8 /* Pods-R&M (macOS).debug.xcconfig */ = {isa = PBXFileReference; includeInIndex = 1; lastKnownFileType = text.xcconfig; name = "Pods-R&M (macOS).debug.xcconfig"; path = "Target Support Files/Pods-R&M (macOS)/Pods-R&M (macOS).debug.xcconfig"; sourceTree = "<group>"; };
		F7B1E9CFEFD46779FA6BEA80 /* Pods-test (macOS).debug.xcconfig */ = {isa = PBXFileReference; includeInIndex = 1; lastKnownFileType = text.xcconfig; name = "Pods-test (macOS).debug.xcconfig"; path = "Target Support Files/Pods-test (macOS)/Pods-test (macOS).debug.xcconfig"; sourceTree = "<group>"; };
/* End PBXFileReference section */

/* Begin PBXFrameworksBuildPhase section */
		C3BBD56528608E88008BA79E /* Frameworks */ = {
			isa = PBXFrameworksBuildPhase;
			buildActionMask = 2147483647;
			files = (
				83AC1FF41FF7762E3F3EA830 /* Pods_R_M__iOS_.framework in Frameworks */,
			);
			runOnlyForDeploymentPostprocessing = 0;
		};
		C3BBD56B28608E88008BA79E /* Frameworks */ = {
			isa = PBXFrameworksBuildPhase;
			buildActionMask = 2147483647;
			files = (
				4161DB2049CB7E77A554CE21 /* Pods_R_M__macOS_.framework in Frameworks */,
			);
			runOnlyForDeploymentPostprocessing = 0;
		};
		C3BBD57228608E88008BA79E /* Frameworks */ = {
			isa = PBXFrameworksBuildPhase;
			buildActionMask = 2147483647;
			files = (
			);
			runOnlyForDeploymentPostprocessing = 0;
		};
		C3BBD57E28608E88008BA79E /* Frameworks */ = {
			isa = PBXFrameworksBuildPhase;
			buildActionMask = 2147483647;
			files = (
			);
			runOnlyForDeploymentPostprocessing = 0;
		};
/* End PBXFrameworksBuildPhase section */

/* Begin PBXGroup section */
		5B2E01C9BA56524D3C356C84 /* Frameworks */ = {
			isa = PBXGroup;
			children = (
				BD9F813AA9D84A5D8226D317 /* Pods_R_M__iOS_.framework */,
				B29CD4E56CF4D038E804E27F /* Pods_R_M__macOS_.framework */,
			);
			name = Frameworks;
			sourceTree = "<group>";
		};
		837CC8F6CB4E9BA2F7260470 /* Pods */ = {
			isa = PBXGroup;
			children = (
				B84FE9824BD6B6859B6B0DF3 /* Pods-test (iOS).debug.xcconfig */,
				5868A95EF4DC8BD05C806D32 /* Pods-test (iOS).release.xcconfig */,
				F7B1E9CFEFD46779FA6BEA80 /* Pods-test (macOS).debug.xcconfig */,
				B89BC8D4917374370414DBED /* Pods-test (macOS).release.xcconfig */,
				70D491F353C95C0591CE2166 /* Pods-R&M (iOS).debug.xcconfig */,
				42CD0DEA4F7ABE7EE9569966 /* Pods-R&M (iOS).release.xcconfig */,
				DF721D31A7F8AE3D9E3BDDA8 /* Pods-R&M (macOS).debug.xcconfig */,
				A74D8B5728977E66EA12F91D /* Pods-R&M (macOS).release.xcconfig */,
			);
			path = Pods;
			sourceTree = "<group>";
		};
		C3BBD55B28608E86008BA79E = {
			isa = PBXGroup;
			children = (
				C3B20DF02926568D0033A5C7 /* R&M--iOS--Info.plist */,
				C3BBD56028608E86008BA79E /* Shared */,
				C3BBD56F28608E88008BA79E /* macOS */,
				C3BBD58428608E88008BA79E /* Tests macOS */,
				C3BBD56928608E88008BA79E /* Products */,
				837CC8F6CB4E9BA2F7260470 /* Pods */,
				5B2E01C9BA56524D3C356C84 /* Frameworks */,
			);
			sourceTree = "<group>";
		};
		C3BBD56028608E86008BA79E /* Shared */ = {
			isa = PBXGroup;
			children = (
				C3BBD56128608E86008BA79E /* RMApp.swift */,
				C3BBD56228608E86008BA79E /* ContentView.swift */,
				C3B88A772861D2F2003474FD /* CharacterView.swift */,
				C35314E9292ACB1D005CC6AF /* DetailCharacterInfoView.swift */,
				C3BBD56328608E88008BA79E /* Assets.xcassets */,
				C3780E9E29279A62005EE305 /* RequestManager.swift */,
				C384206B2929915600A84D8A /* Character.swift */,
				C384206E29299DA800A84D8A /* UIImage+Download.swift */,
				C3BBD57828608E88008BA79E /* Tests iOS */,
			);
			path = Shared;
			sourceTree = "<group>";
		};
		C3BBD56928608E88008BA79E /* Products */ = {
			isa = PBXGroup;
			children = (
				C3BBD56828608E88008BA79E /* jServiceTest.app */,
				C3BBD56E28608E88008BA79E /* R&M.app */,
				C3BBD57528608E88008BA79E /* Tests iOS.xctest */,
				C3BBD58128608E88008BA79E /* Tests macOS.xctest */,
			);
			name = Products;
			sourceTree = "<group>";
		};
		C3BBD56F28608E88008BA79E /* macOS */ = {
			isa = PBXGroup;
			children = (
				C3BBD57028608E88008BA79E /* macOS.entitlements */,
			);
			path = macOS;
			sourceTree = "<group>";
		};
		C3BBD57828608E88008BA79E /* Tests iOS */ = {
			isa = PBXGroup;
			children = (
				C3BBD57928608E88008BA79E /* Tests_iOS.swift */,
				C3BBD57B28608E88008BA79E /* Tests_iOSLaunchTests.swift */,
			);
			path = "Tests iOS";
			sourceTree = "<group>";
		};
		C3BBD58428608E88008BA79E /* Tests macOS */ = {
			isa = PBXGroup;
			children = (
				C3BBD58528608E88008BA79E /* Tests_macOS.swift */,
				C3BBD58728608E88008BA79E /* Tests_macOSLaunchTests.swift */,
			);
			path = "Tests macOS";
			sourceTree = "<group>";
		};
/* End PBXGroup section */

/* Begin PBXNativeTarget section */
		C3BBD56728608E88008BA79E /* R&M (iOS) */ = {
			isa = PBXNativeTarget;
			buildConfigurationList = C3BBD59128608E88008BA79E /* Build configuration list for PBXNativeTarget "R&M (iOS)" */;
			buildPhases = (
				621A2864D8C82C5420B6704F /* [CP] Check Pods Manifest.lock */,
				C3BBD56428608E88008BA79E /* Sources */,
				C3BBD56528608E88008BA79E /* Frameworks */,
				C3BBD56628608E88008BA79E /* Resources */,
				15A5AD23FE47A75A52EBE194 /* [CP] Embed Pods Frameworks */,
			);
			buildRules = (
			);
			dependencies = (
			);
			name = "R&M (iOS)";
			productName = "test (iOS)";
			productReference = C3BBD56828608E88008BA79E /* jServiceTest.app */;
			productType = "com.apple.product-type.application";
		};
		C3BBD56D28608E88008BA79E /* R&M (macOS) */ = {
			isa = PBXNativeTarget;
			buildConfigurationList = C3BBD59428608E88008BA79E /* Build configuration list for PBXNativeTarget "R&M (macOS)" */;
			buildPhases = (
				93F1D5F1ECB6246946925FDC /* [CP] Check Pods Manifest.lock */,
				C3BBD56A28608E88008BA79E /* Sources */,
				C3BBD56B28608E88008BA79E /* Frameworks */,
				C3BBD56C28608E88008BA79E /* Resources */,
			);
			buildRules = (
			);
			dependencies = (
			);
			name = "R&M (macOS)";
			productName = "test (macOS)";
			productReference = C3BBD56E28608E88008BA79E /* R&M.app */;
			productType = "com.apple.product-type.application";
		};
		C3BBD57428608E88008BA79E /* Tests iOS */ = {
			isa = PBXNativeTarget;
			buildConfigurationList = C3BBD59728608E88008BA79E /* Build configuration list for PBXNativeTarget "Tests iOS" */;
			buildPhases = (
				C3BBD57128608E88008BA79E /* Sources */,
				C3BBD57228608E88008BA79E /* Frameworks */,
				C3BBD57328608E88008BA79E /* Resources */,
			);
			buildRules = (
			);
			dependencies = (
				C3BBD57728608E88008BA79E /* PBXTargetDependency */,
			);
			name = "Tests iOS";
			productName = "Tests iOS";
			productReference = C3BBD57528608E88008BA79E /* Tests iOS.xctest */;
			productType = "com.apple.product-type.bundle.ui-testing";
		};
		C3BBD58028608E88008BA79E /* Tests macOS */ = {
			isa = PBXNativeTarget;
			buildConfigurationList = C3BBD59A28608E88008BA79E /* Build configuration list for PBXNativeTarget "Tests macOS" */;
			buildPhases = (
				C3BBD57D28608E88008BA79E /* Sources */,
				C3BBD57E28608E88008BA79E /* Frameworks */,
				C3BBD57F28608E88008BA79E /* Resources */,
			);
			buildRules = (
			);
			dependencies = (
				C3BBD58328608E88008BA79E /* PBXTargetDependency */,
			);
			name = "Tests macOS";
			productName = "Tests macOS";
			productReference = C3BBD58128608E88008BA79E /* Tests macOS.xctest */;
			productType = "com.apple.product-type.bundle.ui-testing";
		};
/* End PBXNativeTarget section */

/* Begin PBXProject section */
		C3BBD55C28608E86008BA79E /* Project object */ = {
			isa = PBXProject;
			attributes = {
				BuildIndependentTargetsInParallel = 1;
				LastSwiftUpdateCheck = 1340;
				LastUpgradeCheck = 1340;
				TargetAttributes = {
					C3BBD56728608E88008BA79E = {
						CreatedOnToolsVersion = 13.4.1;
					};
					C3BBD56D28608E88008BA79E = {
						CreatedOnToolsVersion = 13.4.1;
					};
					C3BBD57428608E88008BA79E = {
						CreatedOnToolsVersion = 13.4.1;
						TestTargetID = C3BBD56728608E88008BA79E;
					};
					C3BBD58028608E88008BA79E = {
						CreatedOnToolsVersion = 13.4.1;
						TestTargetID = C3BBD56D28608E88008BA79E;
					};
				};
			};
			buildConfigurationList = C3BBD55F28608E86008BA79E /* Build configuration list for PBXProject "R&M" */;
			compatibilityVersion = "Xcode 13.0";
			developmentRegion = en;
			hasScannedForEncodings = 0;
			knownRegions = (
				en,
				Base,
			);
			mainGroup = C3BBD55B28608E86008BA79E;
			productRefGroup = C3BBD56928608E88008BA79E /* Products */;
			projectDirPath = "";
			projectRoot = "";
			targets = (
				C3BBD56728608E88008BA79E /* R&M (iOS) */,
				C3BBD56D28608E88008BA79E /* R&M (macOS) */,
				C3BBD57428608E88008BA79E /* Tests iOS */,
				C3BBD58028608E88008BA79E /* Tests macOS */,
			);
		};
/* End PBXProject section */

/* Begin PBXResourcesBuildPhase section */
		C3BBD56628608E88008BA79E /* Resources */ = {
			isa = PBXResourcesBuildPhase;
			buildActionMask = 2147483647;
			files = (
				C3BBD58D28608E88008BA79E /* Assets.xcassets in Resources */,
			);
			runOnlyForDeploymentPostprocessing = 0;
		};
		C3BBD56C28608E88008BA79E /* Resources */ = {
			isa = PBXResourcesBuildPhase;
			buildActionMask = 2147483647;
			files = (
				C3BBD58E28608E88008BA79E /* Assets.xcassets in Resources */,
			);
			runOnlyForDeploymentPostprocessing = 0;
		};
		C3BBD57328608E88008BA79E /* Resources */ = {
			isa = PBXResourcesBuildPhase;
			buildActionMask = 2147483647;
			files = (
			);
			runOnlyForDeploymentPostprocessing = 0;
		};
		C3BBD57F28608E88008BA79E /* Resources */ = {
			isa = PBXResourcesBuildPhase;
			buildActionMask = 2147483647;
			files = (
			);
			runOnlyForDeploymentPostprocessing = 0;
		};
/* End PBXResourcesBuildPhase section */

/* Begin PBXShellScriptBuildPhase section */
		15A5AD23FE47A75A52EBE194 /* [CP] Embed Pods Frameworks */ = {
			isa = PBXShellScriptBuildPhase;
			buildActionMask = 2147483647;
			files = (
			);
			inputFileListPaths = (
				"${PODS_ROOT}/Target Support Files/Pods-R&M (iOS)/Pods-R&M (iOS)-frameworks-${CONFIGURATION}-input-files.xcfilelist",
			);
			name = "[CP] Embed Pods Frameworks";
			outputFileListPaths = (
				"${PODS_ROOT}/Target Support Files/Pods-R&M (iOS)/Pods-R&M (iOS)-frameworks-${CONFIGURATION}-output-files.xcfilelist",
			);
			runOnlyForDeploymentPostprocessing = 0;
			shellPath = /bin/sh;
			shellScript = "\"${PODS_ROOT}/Target Support Files/Pods-R&M (iOS)/Pods-R&M (iOS)-frameworks.sh\"\n";
			showEnvVarsInLog = 0;
		};
		621A2864D8C82C5420B6704F /* [CP] Check Pods Manifest.lock */ = {
			isa = PBXShellScriptBuildPhase;
			buildActionMask = 2147483647;
			files = (
			);
			inputFileListPaths = (
			);
			inputPaths = (
				"${PODS_PODFILE_DIR_PATH}/Podfile.lock",
				"${PODS_ROOT}/Manifest.lock",
			);
			name = "[CP] Check Pods Manifest.lock";
			outputFileListPaths = (
			);
			outputPaths = (
				"$(DERIVED_FILE_DIR)/Pods-R&M (iOS)-checkManifestLockResult.txt",
			);
			runOnlyForDeploymentPostprocessing = 0;
			shellPath = /bin/sh;
			shellScript = "diff \"${PODS_PODFILE_DIR_PATH}/Podfile.lock\" \"${PODS_ROOT}/Manifest.lock\" > /dev/null\nif [ $? != 0 ] ; then\n    # print error to STDERR\n    echo \"error: The sandbox is not in sync with the Podfile.lock. Run 'pod install' or update your CocoaPods installation.\" >&2\n    exit 1\nfi\n# This output is used by Xcode 'outputs' to avoid re-running this script phase.\necho \"SUCCESS\" > \"${SCRIPT_OUTPUT_FILE_0}\"\n";
			showEnvVarsInLog = 0;
		};
		93F1D5F1ECB6246946925FDC /* [CP] Check Pods Manifest.lock */ = {
			isa = PBXShellScriptBuildPhase;
			buildActionMask = 2147483647;
			files = (
			);
			inputFileListPaths = (
			);
			inputPaths = (
				"${PODS_PODFILE_DIR_PATH}/Podfile.lock",
				"${PODS_ROOT}/Manifest.lock",
			);
			name = "[CP] Check Pods Manifest.lock";
			outputFileListPaths = (
			);
			outputPaths = (
				"$(DERIVED_FILE_DIR)/Pods-R&M (macOS)-checkManifestLockResult.txt",
			);
			runOnlyForDeploymentPostprocessing = 0;
			shellPath = /bin/sh;
			shellScript = "diff \"${PODS_PODFILE_DIR_PATH}/Podfile.lock\" \"${PODS_ROOT}/Manifest.lock\" > /dev/null\nif [ $? != 0 ] ; then\n    # print error to STDERR\n    echo \"error: The sandbox is not in sync with the Podfile.lock. Run 'pod install' or update your CocoaPods installation.\" >&2\n    exit 1\nfi\n# This output is used by Xcode 'outputs' to avoid re-running this script phase.\necho \"SUCCESS\" > \"${SCRIPT_OUTPUT_FILE_0}\"\n";
			showEnvVarsInLog = 0;
		};
/* End PBXShellScriptBuildPhase section */

/* Begin PBXSourcesBuildPhase section */
		C3BBD56428608E88008BA79E /* Sources */ = {
			isa = PBXSourcesBuildPhase;
			buildActionMask = 2147483647;
			files = (
				C3BBD58B28608E88008BA79E /* ContentView.swift in Sources */,
				C3BBD58928608E88008BA79E /* RMApp.swift in Sources */,
				C384206C2929915600A84D8A /* Character.swift in Sources */,
				C3B88A782861D2F2003474FD /* CharacterView.swift in Sources */,
				C3780E9F29279A62005EE305 /* RequestManager.swift in Sources */,
				C384206F29299DA800A84D8A /* UIImage+Download.swift in Sources */,
				C35314EA292ACB1D005CC6AF /* DetailCharacterInfoView.swift in Sources */,
			);
			runOnlyForDeploymentPostprocessing = 0;
		};
		C3BBD56A28608E88008BA79E /* Sources */ = {
			isa = PBXSourcesBuildPhase;
			buildActionMask = 2147483647;
			files = (
				C3BBD58C28608E88008BA79E /* ContentView.swift in Sources */,
				C3BBD58A28608E88008BA79E /* RMApp.swift in Sources */,
				C384206D2929915600A84D8A /* Character.swift in Sources */,
				C3B88A792861D2F2003474FD /* CharacterView.swift in Sources */,
				C3780EA029279A62005EE305 /* RequestManager.swift in Sources */,
				C384207029299DA800A84D8A /* UIImage+Download.swift in Sources */,
				C35314EB292ACB1D005CC6AF /* DetailCharacterInfoView.swift in Sources */,
			);
			runOnlyForDeploymentPostprocessing = 0;
		};
		C3BBD57128608E88008BA79E /* Sources */ = {
			isa = PBXSourcesBuildPhase;
			buildActionMask = 2147483647;
			files = (
				C3BBD57C28608E88008BA79E /* Tests_iOSLaunchTests.swift in Sources */,
				C3BBD57A28608E88008BA79E /* Tests_iOS.swift in Sources */,
			);
			runOnlyForDeploymentPostprocessing = 0;
		};
		C3BBD57D28608E88008BA79E /* Sources */ = {
			isa = PBXSourcesBuildPhase;
			buildActionMask = 2147483647;
			files = (
				C3BBD58828608E88008BA79E /* Tests_macOSLaunchTests.swift in Sources */,
				C3BBD58628608E88008BA79E /* Tests_macOS.swift in Sources */,
			);
			runOnlyForDeploymentPostprocessing = 0;
		};
/* End PBXSourcesBuildPhase section */

/* Begin PBXTargetDependency section */
		C3BBD57728608E88008BA79E /* PBXTargetDependency */ = {
			isa = PBXTargetDependency;
			target = C3BBD56728608E88008BA79E /* R&M (iOS) */;
			targetProxy = C3BBD57628608E88008BA79E /* PBXContainerItemProxy */;
		};
		C3BBD58328608E88008BA79E /* PBXTargetDependency */ = {
			isa = PBXTargetDependency;
			target = C3BBD56D28608E88008BA79E /* R&M (macOS) */;
			targetProxy = C3BBD58228608E88008BA79E /* PBXContainerItemProxy */;
		};
/* End PBXTargetDependency section */

/* Begin XCBuildConfiguration section */
		C3BBD58F28608E88008BA79E /* Debug */ = {
			isa = XCBuildConfiguration;
			buildSettings = {
				ALWAYS_SEARCH_USER_PATHS = NO;
				CLANG_ANALYZER_NONNULL = YES;
				CLANG_ANALYZER_NUMBER_OBJECT_CONVERSION = YES_AGGRESSIVE;
				CLANG_CXX_LANGUAGE_STANDARD = "gnu++17";
				CLANG_ENABLE_MODULES = YES;
				CLANG_ENABLE_OBJC_ARC = YES;
				CLANG_ENABLE_OBJC_WEAK = YES;
				CLANG_WARN_BLOCK_CAPTURE_AUTORELEASING = YES;
				CLANG_WARN_BOOL_CONVERSION = YES;
				CLANG_WARN_COMMA = YES;
				CLANG_WARN_CONSTANT_CONVERSION = YES;
				CLANG_WARN_DEPRECATED_OBJC_IMPLEMENTATIONS = YES;
				CLANG_WARN_DIRECT_OBJC_ISA_USAGE = YES_ERROR;
				CLANG_WARN_DOCUMENTATION_COMMENTS = YES;
				CLANG_WARN_EMPTY_BODY = YES;
				CLANG_WARN_ENUM_CONVERSION = YES;
				CLANG_WARN_INFINITE_RECURSION = YES;
				CLANG_WARN_INT_CONVERSION = YES;
				CLANG_WARN_NON_LITERAL_NULL_CONVERSION = YES;
				CLANG_WARN_OBJC_IMPLICIT_RETAIN_SELF = YES;
				CLANG_WARN_OBJC_LITERAL_CONVERSION = YES;
				CLANG_WARN_OBJC_ROOT_CLASS = YES_ERROR;
				CLANG_WARN_QUOTED_INCLUDE_IN_FRAMEWORK_HEADER = YES;
				CLANG_WARN_RANGE_LOOP_ANALYSIS = YES;
				CLANG_WARN_STRICT_PROTOTYPES = YES;
				CLANG_WARN_SUSPICIOUS_MOVE = YES;
				CLANG_WARN_UNGUARDED_AVAILABILITY = YES_AGGRESSIVE;
				CLANG_WARN_UNREACHABLE_CODE = YES;
				CLANG_WARN__DUPLICATE_METHOD_MATCH = YES;
				COPY_PHASE_STRIP = NO;
				DEBUG_INFORMATION_FORMAT = dwarf;
				ENABLE_STRICT_OBJC_MSGSEND = YES;
				ENABLE_TESTABILITY = YES;
				GCC_C_LANGUAGE_STANDARD = gnu11;
				GCC_DYNAMIC_NO_PIC = NO;
				GCC_NO_COMMON_BLOCKS = YES;
				GCC_OPTIMIZATION_LEVEL = 0;
				GCC_PREPROCESSOR_DEFINITIONS = (
					"DEBUG=1",
					"$(inherited)",
				);
				GCC_WARN_64_TO_32_BIT_CONVERSION = YES;
				GCC_WARN_ABOUT_RETURN_TYPE = YES_ERROR;
				GCC_WARN_UNDECLARED_SELECTOR = YES;
				GCC_WARN_UNINITIALIZED_AUTOS = YES_AGGRESSIVE;
				GCC_WARN_UNUSED_FUNCTION = YES;
				GCC_WARN_UNUSED_VARIABLE = YES;
				MTL_ENABLE_DEBUG_INFO = INCLUDE_SOURCE;
				MTL_FAST_MATH = YES;
				ONLY_ACTIVE_ARCH = YES;
				SWIFT_ACTIVE_COMPILATION_CONDITIONS = DEBUG;
				SWIFT_OPTIMIZATION_LEVEL = "-Onone";
			};
			name = Debug;
		};
		C3BBD59028608E88008BA79E /* Release */ = {
			isa = XCBuildConfiguration;
			buildSettings = {
				ALWAYS_SEARCH_USER_PATHS = NO;
				CLANG_ANALYZER_NONNULL = YES;
				CLANG_ANALYZER_NUMBER_OBJECT_CONVERSION = YES_AGGRESSIVE;
				CLANG_CXX_LANGUAGE_STANDARD = "gnu++17";
				CLANG_ENABLE_MODULES = YES;
				CLANG_ENABLE_OBJC_ARC = YES;
				CLANG_ENABLE_OBJC_WEAK = YES;
				CLANG_WARN_BLOCK_CAPTURE_AUTORELEASING = YES;
				CLANG_WARN_BOOL_CONVERSION = YES;
				CLANG_WARN_COMMA = YES;
				CLANG_WARN_CONSTANT_CONVERSION = YES;
				CLANG_WARN_DEPRECATED_OBJC_IMPLEMENTATIONS = YES;
				CLANG_WARN_DIRECT_OBJC_ISA_USAGE = YES_ERROR;
				CLANG_WARN_DOCUMENTATION_COMMENTS = YES;
				CLANG_WARN_EMPTY_BODY = YES;
				CLANG_WARN_ENUM_CONVERSION = YES;
				CLANG_WARN_INFINITE_RECURSION = YES;
				CLANG_WARN_INT_CONVERSION = YES;
				CLANG_WARN_NON_LITERAL_NULL_CONVERSION = YES;
				CLANG_WARN_OBJC_IMPLICIT_RETAIN_SELF = YES;
				CLANG_WARN_OBJC_LITERAL_CONVERSION = YES;
				CLANG_WARN_OBJC_ROOT_CLASS = YES_ERROR;
				CLANG_WARN_QUOTED_INCLUDE_IN_FRAMEWORK_HEADER = YES;
				CLANG_WARN_RANGE_LOOP_ANALYSIS = YES;
				CLANG_WARN_STRICT_PROTOTYPES = YES;
				CLANG_WARN_SUSPICIOUS_MOVE = YES;
				CLANG_WARN_UNGUARDED_AVAILABILITY = YES_AGGRESSIVE;
				CLANG_WARN_UNREACHABLE_CODE = YES;
				CLANG_WARN__DUPLICATE_METHOD_MATCH = YES;
				COPY_PHASE_STRIP = NO;
				DEBUG_INFORMATION_FORMAT = "dwarf-with-dsym";
				ENABLE_NS_ASSERTIONS = NO;
				ENABLE_STRICT_OBJC_MSGSEND = YES;
				GCC_C_LANGUAGE_STANDARD = gnu11;
				GCC_NO_COMMON_BLOCKS = YES;
				GCC_WARN_64_TO_32_BIT_CONVERSION = YES;
				GCC_WARN_ABOUT_RETURN_TYPE = YES_ERROR;
				GCC_WARN_UNDECLARED_SELECTOR = YES;
				GCC_WARN_UNINITIALIZED_AUTOS = YES_AGGRESSIVE;
				GCC_WARN_UNUSED_FUNCTION = YES;
				GCC_WARN_UNUSED_VARIABLE = YES;
				MTL_ENABLE_DEBUG_INFO = NO;
				MTL_FAST_MATH = YES;
				SWIFT_COMPILATION_MODE = wholemodule;
				SWIFT_OPTIMIZATION_LEVEL = "-O";
			};
			name = Release;
		};
		C3BBD59228608E88008BA79E /* Debug */ = {
			isa = XCBuildConfiguration;
			baseConfigurationReference = 70D491F353C95C0591CE2166 /* Pods-R&M (iOS).debug.xcconfig */;
			buildSettings = {
				ASSETCATALOG_COMPILER_APPICON_NAME = AppIcon;
				ASSETCATALOG_COMPILER_GLOBAL_ACCENT_COLOR_NAME = AccentColor;
				CODE_SIGN_STYLE = Automatic;
				CURRENT_PROJECT_VERSION = 1;
				DEVELOPMENT_TEAM = 922J94M3P6;
				ENABLE_PREVIEWS = YES;
				GENERATE_INFOPLIST_FILE = YES;
				INFOPLIST_FILE = "R&M--iOS--Info.plist";
				INFOPLIST_KEY_UIApplicationSceneManifest_Generation = YES;
				INFOPLIST_KEY_UIApplicationSupportsIndirectInputEvents = YES;
				INFOPLIST_KEY_UILaunchScreen_Generation = YES;
				INFOPLIST_KEY_UISupportedInterfaceOrientations_iPad = "UIInterfaceOrientationPortrait UIInterfaceOrientationPortraitUpsideDown UIInterfaceOrientationLandscapeLeft UIInterfaceOrientationLandscapeRight";
				INFOPLIST_KEY_UISupportedInterfaceOrientations_iPhone = "UIInterfaceOrientationPortrait UIInterfaceOrientationLandscapeLeft UIInterfaceOrientationLandscapeRight";
				IPHONEOS_DEPLOYMENT_TARGET = 15.5;
				LD_RUNPATH_SEARCH_PATHS = (
					"$(inherited)",
					"@executable_path/Frameworks",
				);
				MARKETING_VERSION = 1.0;
				PRODUCT_BUNDLE_IDENTIFIER = jServiceTest;
				PRODUCT_NAME = jServiceTest;
				SDKROOT = iphoneos;
				SWIFT_EMIT_LOC_STRINGS = YES;
				SWIFT_VERSION = 5.0;
				TARGETED_DEVICE_FAMILY = "1,2";
			};
			name = Debug;
		};
		C3BBD59328608E88008BA79E /* Release */ = {
			isa = XCBuildConfiguration;
			baseConfigurationReference = 42CD0DEA4F7ABE7EE9569966 /* Pods-R&M (iOS).release.xcconfig */;
			buildSettings = {
				ASSETCATALOG_COMPILER_APPICON_NAME = AppIcon;
				ASSETCATALOG_COMPILER_GLOBAL_ACCENT_COLOR_NAME = AccentColor;
				CODE_SIGN_STYLE = Automatic;
				CURRENT_PROJECT_VERSION = 1;
				DEVELOPMENT_TEAM = 922J94M3P6;
				ENABLE_PREVIEWS = YES;
				GENERATE_INFOPLIST_FILE = YES;
				INFOPLIST_FILE = "R&M--iOS--Info.plist";
				INFOPLIST_KEY_UIApplicationSceneManifest_Generation = YES;
				INFOPLIST_KEY_UIApplicationSupportsIndirectInputEvents = YES;
				INFOPLIST_KEY_UILaunchScreen_Generation = YES;
				INFOPLIST_KEY_UISupportedInterfaceOrientations_iPad = "UIInterfaceOrientationPortrait UIInterfaceOrientationPortraitUpsideDown UIInterfaceOrientationLandscapeLeft UIInterfaceOrientationLandscapeRight";
				INFOPLIST_KEY_UISupportedInterfaceOrientations_iPhone = "UIInterfaceOrientationPortrait UIInterfaceOrientationLandscapeLeft UIInterfaceOrientationLandscapeRight";
				IPHONEOS_DEPLOYMENT_TARGET = 15.5;
				LD_RUNPATH_SEARCH_PATHS = (
					"$(inherited)",
					"@executable_path/Frameworks",
				);
				MARKETING_VERSION = 1.0;
				PRODUCT_BUNDLE_IDENTIFIER = jServiceTest;
				PRODUCT_NAME = jServiceTest;
				SDKROOT = iphoneos;
				SWIFT_EMIT_LOC_STRINGS = YES;
				SWIFT_VERSION = 5.0;
				TARGETED_DEVICE_FAMILY = "1,2";
				VALIDATE_PRODUCT = YES;
			};
			name = Release;
		};
		C3BBD59528608E88008BA79E /* Debug */ = {
			isa = XCBuildConfiguration;
			baseConfigurationReference = DF721D31A7F8AE3D9E3BDDA8 /* Pods-R&M (macOS).debug.xcconfig */;
			buildSettings = {
				ASSETCATALOG_COMPILER_APPICON_NAME = AppIcon;
				ASSETCATALOG_COMPILER_GLOBAL_ACCENT_COLOR_NAME = AccentColor;
				CODE_SIGN_ENTITLEMENTS = macOS/macOS.entitlements;
				CODE_SIGN_STYLE = Automatic;
				COMBINE_HIDPI_IMAGES = YES;
				CURRENT_PROJECT_VERSION = 1;
				ENABLE_PREVIEWS = YES;
				GENERATE_INFOPLIST_FILE = YES;
				INFOPLIST_KEY_NSHumanReadableCopyright = "";
				LD_RUNPATH_SEARCH_PATHS = (
					"$(inherited)",
					"@executable_path/../Frameworks",
				);
				MACOSX_DEPLOYMENT_TARGET = 12.3;
				MARKETING_VERSION = 1.0;
				PRODUCT_BUNDLE_IDENTIFIER = sf.test;
				PRODUCT_NAME = "R&M";
				SDKROOT = macosx;
				SWIFT_EMIT_LOC_STRINGS = YES;
				SWIFT_VERSION = 5.0;
			};
			name = Debug;
		};
		C3BBD59628608E88008BA79E /* Release */ = {
			isa = XCBuildConfiguration;
			baseConfigurationReference = A74D8B5728977E66EA12F91D /* Pods-R&M (macOS).release.xcconfig */;
			buildSettings = {
				ASSETCATALOG_COMPILER_APPICON_NAME = AppIcon;
				ASSETCATALOG_COMPILER_GLOBAL_ACCENT_COLOR_NAME = AccentColor;
				CODE_SIGN_ENTITLEMENTS = macOS/macOS.entitlements;
				CODE_SIGN_STYLE = Automatic;
				COMBINE_HIDPI_IMAGES = YES;
				CURRENT_PROJECT_VERSION = 1;
				ENABLE_PREVIEWS = YES;
				GENERATE_INFOPLIST_FILE = YES;
				INFOPLIST_KEY_NSHumanReadableCopyright = "";
				LD_RUNPATH_SEARCH_PATHS = (
					"$(inherited)",
					"@executable_path/../Frameworks",
				);
				MACOSX_DEPLOYMENT_TARGET = 12.3;
				MARKETING_VERSION = 1.0;
				PRODUCT_BUNDLE_IDENTIFIER = sf.test;
				PRODUCT_NAME = "R&M";
				SDKROOT = macosx;
				SWIFT_EMIT_LOC_STRINGS = YES;
				SWIFT_VERSION = 5.0;
			};
			name = Release;
		};
		C3BBD59828608E88008BA79E /* Debug */ = {
			isa = XCBuildConfiguration;
			buildSettings = {
				ALWAYS_EMBED_SWIFT_STANDARD_LIBRARIES = YES;
				CODE_SIGN_STYLE = Automatic;
				CURRENT_PROJECT_VERSION = 1;
				GENERATE_INFOPLIST_FILE = YES;
				IPHONEOS_DEPLOYMENT_TARGET = 15.5;
				MARKETING_VERSION = 1.0;
				PRODUCT_BUNDLE_IDENTIFIER = "sf.Tests-iOS";
				PRODUCT_NAME = "$(TARGET_NAME)";
				SDKROOT = iphoneos;
				SWIFT_EMIT_LOC_STRINGS = NO;
				SWIFT_VERSION = 5.0;
				TARGETED_DEVICE_FAMILY = "1,2";
				TEST_TARGET_NAME = "test (iOS)";
			};
			name = Debug;
		};
		C3BBD59928608E88008BA79E /* Release */ = {
			isa = XCBuildConfiguration;
			buildSettings = {
				ALWAYS_EMBED_SWIFT_STANDARD_LIBRARIES = YES;
				CODE_SIGN_STYLE = Automatic;
				CURRENT_PROJECT_VERSION = 1;
				GENERATE_INFOPLIST_FILE = YES;
				IPHONEOS_DEPLOYMENT_TARGET = 15.5;
				MARKETING_VERSION = 1.0;
				PRODUCT_BUNDLE_IDENTIFIER = "sf.Tests-iOS";
				PRODUCT_NAME = "$(TARGET_NAME)";
				SDKROOT = iphoneos;
				SWIFT_EMIT_LOC_STRINGS = NO;
				SWIFT_VERSION = 5.0;
				TARGETED_DEVICE_FAMILY = "1,2";
				TEST_TARGET_NAME = "test (iOS)";
				VALIDATE_PRODUCT = YES;
			};
			name = Release;
		};
		C3BBD59B28608E88008BA79E /* Debug */ = {
			isa = XCBuildConfiguration;
			buildSettings = {
				ALWAYS_EMBED_SWIFT_STANDARD_LIBRARIES = YES;
				CODE_SIGN_STYLE = Automatic;
				CURRENT_PROJECT_VERSION = 1;
				GENERATE_INFOPLIST_FILE = YES;
				MACOSX_DEPLOYMENT_TARGET = 12.3;
				MARKETING_VERSION = 1.0;
				PRODUCT_BUNDLE_IDENTIFIER = "sf.Tests-macOS";
				PRODUCT_NAME = "$(TARGET_NAME)";
				SDKROOT = macosx;
				SWIFT_EMIT_LOC_STRINGS = NO;
				SWIFT_VERSION = 5.0;
				TEST_TARGET_NAME = "test (macOS)";
			};
			name = Debug;
		};
		C3BBD59C28608E88008BA79E /* Release */ = {
			isa = XCBuildConfiguration;
			buildSettings = {
				ALWAYS_EMBED_SWIFT_STANDARD_LIBRARIES = YES;
				CODE_SIGN_STYLE = Automatic;
				CURRENT_PROJECT_VERSION = 1;
				GENERATE_INFOPLIST_FILE = YES;
				MACOSX_DEPLOYMENT_TARGET = 12.3;
				MARKETING_VERSION = 1.0;
				PRODUCT_BUNDLE_IDENTIFIER = "sf.Tests-macOS";
				PRODUCT_NAME = "$(TARGET_NAME)";
				SDKROOT = macosx;
				SWIFT_EMIT_LOC_STRINGS = NO;
				SWIFT_VERSION = 5.0;
				TEST_TARGET_NAME = "test (macOS)";
			};
			name = Release;
		};
/* End XCBuildConfiguration section */

/* Begin XCConfigurationList section */
		C3BBD55F28608E86008BA79E /* Build configuration list for PBXProject "R&M" */ = {
			isa = XCConfigurationList;
			buildConfigurations = (
				C3BBD58F28608E88008BA79E /* Debug */,
				C3BBD59028608E88008BA79E /* Release */,
			);
			defaultConfigurationIsVisible = 0;
			defaultConfigurationName = Release;
		};
		C3BBD59128608E88008BA79E /* Build configuration list for PBXNativeTarget "R&M (iOS)" */ = {
			isa = XCConfigurationList;
			buildConfigurations = (
				C3BBD59228608E88008BA79E /* Debug */,
				C3BBD59328608E88008BA79E /* Release */,
			);
			defaultConfigurationIsVisible = 0;
			defaultConfigurationName = Release;
		};
		C3BBD59428608E88008BA79E /* Build configuration list for PBXNativeTarget "R&M (macOS)" */ = {
			isa = XCConfigurationList;
			buildConfigurations = (
				C3BBD59528608E88008BA79E /* Debug */,
				C3BBD59628608E88008BA79E /* Release */,
			);
			defaultConfigurationIsVisible = 0;
			defaultConfigurationName = Release;
		};
		C3BBD59728608E88008BA79E /* Build configuration list for PBXNativeTarget "Tests iOS" */ = {
			isa = XCConfigurationList;
			buildConfigurations = (
				C3BBD59828608E88008BA79E /* Debug */,
				C3BBD59928608E88008BA79E /* Release */,
			);
			defaultConfigurationIsVisible = 0;
			defaultConfigurationName = Release;
		};
		C3BBD59A28608E88008BA79E /* Build configuration list for PBXNativeTarget "Tests macOS" */ = {
			isa = XCConfigurationList;
			buildConfigurations = (
				C3BBD59B28608E88008BA79E /* Debug */,
				C3BBD59C28608E88008BA79E /* Release */,
			);
			defaultConfigurationIsVisible = 0;
			defaultConfigurationName = Release;
		};
/* End XCConfigurationList section */
	};
	rootObject = C3BBD55C28608E86008BA79E /* Project object */;
}
